
Microsoft Visual Studio Solution File, Format Version 12.00
Project("{FAE04EC0-301F-11D3-BF4B-00C04F79EFBC}") = "Protobuf.Shared", "Protobuf.Shared\Protobuf.Shared.csproj", "{19E2A058-F4A8-43BD-9AB5-C4BCFABE94D9}"
EndProject
Project("{FAE04EC0-301F-11D3-BF4B-00C04F79EFBC}") = "Protobuf.Server", "Protobuf.Server\Protobuf.Server.csproj", "{8A2433B9-9206-4BAF-92EB-D7AF8E60D592}"
EndProject
Global
	GlobalSection(SolutionConfigurationPlatforms) = preSolution
		Debug|Any CPU = Debug|Any CPU
		Release|Any CPU = Release|Any CPU
	EndGlobalSection
	GlobalSection(ProjectConfigurationPlatforms) = postSolution
		{19E2A058-F4A8-43BD-9AB5-C4BCFABE94D9}.Debug|Any CPU.ActiveCfg = Debug|Any CPU
		{19E2A058-F4A8-43BD-9AB5-C4BCFABE94D9}.Debug|Any CPU.Build.0 = Debug|Any CPU
		{19E2A058-F4A8-43BD-9AB5-C4BCFABE94D9}.Release|Any CPU.ActiveCfg = Release|Any CPU
		{19E2A058-F4A8-43BD-9AB5-C4BCFABE94D9}.Release|Any CPU.Build.0 = Release|Any CPU
		{8A2433B9-9206-4BAF-92EB-D7AF8E60D592}.Debug|Any CPU.ActiveCfg = Debug|Any CPU
		{8A2433B9-9206-4BAF-92EB-D7AF8E60D592}.Debug|Any CPU.Build.0 = Debug|Any CPU
		{8A2433B9-9206-4BAF-92EB-D7AF8E60D592}.Release|Any CPU.ActiveCfg = Release|Any CPU
		{8A2433B9-9206-4BAF-92EB-D7AF8E60D592}.Release|Any CPU.Build.0 = Release|Any CPU
	EndGlobalSection
EndGlobal
